{
  "name": "06-password-generator",
  "version": "1.0.0",
  "lockfileVersion": 3,
  "requires": true,
  "packages": {
    "": {
      "name": "06-password-generator",
      "version": "1.0.0",
      "license": "ISC",
      "dependencies": {
        "password-generator-shaharsol": "^1.0.0"
      }
    },
    "node_modules/password-generator-shaharsol": {
      "version": "1.1.0",
      "resolved": "https://registry.npmjs.org/password-generator-shaharsol/-/password-generator-shaharsol-1.1.0.tgz",
      "integrity": "sha512-X84NSQR3ij1FncRolCwb04r1Z+lBN3V34Baeu4T3g6yB4PQ9aYM2ezdYupL5cBhrR/stD06k/G93E0JNayPGog==",
      "license": "ISC"
    }
  }
}
